
Microsoft Visual Studio Solution File, Format Version 12.00
# Visual Studio Version 17
VisualStudioVersion = 17.7.34202.233
MinimumVisualStudioVersion = 10.0.40219.1
Project("{FAE04EC0-301F-11D3-BF4B-00C04F79EFBC}") = "Project_Restaurant", "Project_Restaurant\Project_Restaurant.csproj", "{FCD74129-89FF-4B94-B1AC-23E4F2113E50}"
EndProject
Global
	GlobalSection(SolutionConfigurationPlatforms) = preSolution
		Debug|Any CPU = Debug|Any CPU
		Release|Any CPU = Release|Any CPU
	EndGlobalSection
	GlobalSection(ProjectConfigurationPlatforms) = postSolution
		{FCD74129-89FF-4B94-B1AC-23E4F2113E50}.Debug|Any CPU.ActiveCfg = Debug|Any CPU
		{FCD74129-89FF-4B94-B1AC-23E4F2113E50}.Debug|Any CPU.Build.0 = Debug|Any CPU
		{FCD74129-89FF-4B94-B1AC-23E4F2113E50}.Release|Any CPU.ActiveCfg = Release|Any CPU
		{FCD74129-89FF-4B94-B1AC-23E4F2113E50}.Release|Any CPU.Build.0 = Release|Any CPU
	EndGlobalSection
	GlobalSection(SolutionProperties) = preSolution
		HideSolutionNode = FALSE
	EndGlobalSection
	GlobalSection(ExtensibilityGlobals) = postSolution
		SolutionGuid = {A87C99FA-11C2-4021-8A84-13EC7E688BE1}
	EndGlobalSection
EndGlobal
